
Microsoft Visual Studio Solution File, Format Version 12.00
# Visual Studio Version 17
VisualStudioVersion = 17.0.32126.317
MinimumVisualStudioVersion = 10.0.40219.1
Project("{FAE04EC0-301F-11D3-BF4B-00C04F79EFBC}") = "diamanteComLetras.ConsoleApp", "diamanteComLetras.ConsoleApp\diamanteComLetras.ConsoleApp.csproj", "{4D034550-048A-4603-8961-F036E0372D80}"
EndProject
Global
	GlobalSection(SolutionConfigurationPlatforms) = preSolution
		Debug|Any CPU = Debug|Any CPU
		Release|Any CPU = Release|Any CPU
	EndGlobalSection
	GlobalSection(ProjectConfigurationPlatforms) = postSolution
		{4D034550-048A-4603-8961-F036E0372D80}.Debug|Any CPU.ActiveCfg = Debug|Any CPU
		{4D034550-048A-4603-8961-F036E0372D80}.Debug|Any CPU.Build.0 = Debug|Any CPU
		{4D034550-048A-4603-8961-F036E0372D80}.Release|Any CPU.ActiveCfg = Release|Any CPU
		{4D034550-048A-4603-8961-F036E0372D80}.Release|Any CPU.Build.0 = Release|Any CPU
	EndGlobalSection
	GlobalSection(SolutionProperties) = preSolution
		HideSolutionNode = FALSE
	EndGlobalSection
	GlobalSection(ExtensibilityGlobals) = postSolution
		SolutionGuid = {898A00CF-3460-4254-B8F4-F070A384B9C6}
	EndGlobalSection
EndGlobal
